
Microsoft Visual Studio Solution File, Format Version 12.00
# Visual Studio Version 17
VisualStudioVersion = 17.10.34928.147
MinimumVisualStudioVersion = 10.0.40219.1
Project("{F184B08F-C81C-45F6-A57F-5ABD9991F28F}") = "Texting Project", "Texting Project\Texting Project.vbproj", "{463CA3B2-A302-4EB8-B182-7737E37341BF}"
EndProject
Global
	GlobalSection(SolutionConfigurationPlatforms) = preSolution
		Debug|Any CPU = Debug|Any CPU
		Release|Any CPU = Release|Any CPU
	EndGlobalSection
	GlobalSection(ProjectConfigurationPlatforms) = postSolution
		{463CA3B2-A302-4EB8-B182-7737E37341BF}.Debug|Any CPU.ActiveCfg = Debug|Any CPU
		{463CA3B2-A302-4EB8-B182-7737E37341BF}.Debug|Any CPU.Build.0 = Debug|Any CPU
		{463CA3B2-A302-4EB8-B182-7737E37341BF}.Release|Any CPU.ActiveCfg = Release|Any CPU
		{463CA3B2-A302-4EB8-B182-7737E37341BF}.Release|Any CPU.Build.0 = Release|Any CPU
	EndGlobalSection
	GlobalSection(SolutionProperties) = preSolution
		HideSolutionNode = FALSE
	EndGlobalSection
	GlobalSection(ExtensibilityGlobals) = postSolution
		SolutionGuid = {9AF84AF4-A83E-471B-8207-68A92F0CBB1A}
	EndGlobalSection
EndGlobal
